
Microsoft Visual Studio Solution File, Format Version 12.00
# Visual Studio Version 17
VisualStudioVersion = 17.0.32014.148
MinimumVisualStudioVersion = 10.0.40219.1
Project("{2150E333-8FDC-42A3-9474-1A3956D46DE8}") = "src", "src", "{C07BC322-3FBA-4163-99D1-15B5DE87C7CB}"
EndProject
Project("{2150E333-8FDC-42A3-9474-1A3956D46DE8}") = "Core", "Core", "{BE780BEA-6225-41EB-83D8-639A0FDFF12F}"
EndProject
Project("{9A19103F-16F7-4668-BE54-9A1E7A4F7556}") = "KokoPizza.Domain", "KokoPizza.Domain\KokoPizza.Domain.csproj", "{51AC7FEB-355E-42EF-8A49-64EC4B30FBD9}"
EndProject
Project("{9A19103F-16F7-4668-BE54-9A1E7A4F7556}") = "KokoPizza.Application", "KokoPizza.Application\KokoPizza.Application.csproj", "{86CA2B62-68D2-4025-B30E-DE5FC3876321}"
EndProject
Project("{2150E333-8FDC-42A3-9474-1A3956D46DE8}") = "Infrastructure", "Infrastructure", "{A0182774-D783-4C3A-B763-1FBCB93D24DB}"
EndProject
Project("{9A19103F-16F7-4668-BE54-9A1E7A4F7556}") = "KokoPizza.Persistance", "KokoPizza.Persistance\KokoPizza.Persistance.csproj", "{DA0F4525-F869-4EA1-B2BE-144CC2CC29D8}"
EndProject
Project("{9A19103F-16F7-4668-BE54-9A1E7A4F7556}") = "KokoPizza.Infrastructure", "KokoPizza.Infrastructure\KokoPizza.Infrastructure.csproj", "{CABDF5E2-733F-4184-ADCD-35405877DE4C}"
EndProject
Project("{2150E333-8FDC-42A3-9474-1A3956D46DE8}") = "API", "API", "{C91767F0-7A39-47E8-A0E9-EE64554BC5B9}"
EndProject
Project("{2150E333-8FDC-42A3-9474-1A3956D46DE8}") = "UI", "UI", "{027DB77F-7EDB-475F-AA16-7E116216A718}"
EndProject
Project("{9A19103F-16F7-4668-BE54-9A1E7A4F7556}") = "KokoPizza.API", "KokoPizza.API\KokoPizza.API.csproj", "{8A70FEFA-2782-4D6D-9DE2-D127F7540542}"
EndProject
Project("{9A19103F-16F7-4668-BE54-9A1E7A4F7556}") = "KokoPizza.Identity", "KokoPizza.Identity\KokoPizza.Identity.csproj", "{84315C9B-CD47-42B2-B596-1962B3AC7B38}"
EndProject
Project("{9A19103F-16F7-4668-BE54-9A1E7A4F7556}") = "KokoPizza.Blazor.Application", "KokoPizza.Blazor.Application\KokoPizza.Blazor.Application.csproj", "{32290650-9ABE-44C6-BF0C-01261920785C}"
EndProject
Project("{2150E333-8FDC-42A3-9474-1A3956D46DE8}") = "Services", "Services", "{07263C3E-0BC2-4DB5-AFD6-FA0AF2260D41}"
EndProject
Project("{2150E333-8FDC-42A3-9474-1A3956D46DE8}") = "BuildingBlocks", "BuildingBlocks", "{3D1B9145-084C-4182-A8E3-8F9AB150A598}"
EndProject
Project("{9A19103F-16F7-4668-BE54-9A1E7A4F7556}") = "EventBus.Messages", "BuildingBlocks\EventBus.Messages\EventBus.Messages.csproj", "{63BD5844-B495-498B-9490-749A40A9E6C9}"
EndProject
Project("{2150E333-8FDC-42A3-9474-1A3956D46DE8}") = "Delivery", "Delivery", "{4A346C12-7E99-4555-98F0-8FADAA37D8E5}"
EndProject
Project("{9A19103F-16F7-4668-BE54-9A1E7A4F7556}") = "Delivery.API", "Services\Delivery\Delivery.API\Delivery.API.csproj", "{843876F1-8000-4D81-A32F-AE16D80973E5}"
EndProject
Project("{FAE04EC0-301F-11D3-BF4B-00C04F79EFBC}") = "Delivery.Application", "Services\Delivery\Delivery.Application\Delivery.Application.csproj", "{210E9F2C-31DD-4142-A500-0DEECBE7B430}"
EndProject
Global
	GlobalSection(SolutionConfigurationPlatforms) = preSolution
		Debug|Any CPU = Debug|Any CPU
		Release|Any CPU = Release|Any CPU
	EndGlobalSection
	GlobalSection(ProjectConfigurationPlatforms) = postSolution
		{51AC7FEB-355E-42EF-8A49-64EC4B30FBD9}.Debug|Any CPU.ActiveCfg = Debug|Any CPU
		{51AC7FEB-355E-42EF-8A49-64EC4B30FBD9}.Debug|Any CPU.Build.0 = Debug|Any CPU
		{51AC7FEB-355E-42EF-8A49-64EC4B30FBD9}.Release|Any CPU.ActiveCfg = Release|Any CPU
		{51AC7FEB-355E-42EF-8A49-64EC4B30FBD9}.Release|Any CPU.Build.0 = Release|Any CPU
		{86CA2B62-68D2-4025-B30E-DE5FC3876321}.Debug|Any CPU.ActiveCfg = Debug|Any CPU
		{86CA2B62-68D2-4025-B30E-DE5FC3876321}.Debug|Any CPU.Build.0 = Debug|Any CPU
		{86CA2B62-68D2-4025-B30E-DE5FC3876321}.Release|Any CPU.ActiveCfg = Release|Any CPU
		{86CA2B62-68D2-4025-B30E-DE5FC3876321}.Release|Any CPU.Build.0 = Release|Any CPU
		{DA0F4525-F869-4EA1-B2BE-144CC2CC29D8}.Debug|Any CPU.ActiveCfg = Debug|Any CPU
		{DA0F4525-F869-4EA1-B2BE-144CC2CC29D8}.Debug|Any CPU.Build.0 = Debug|Any CPU
		{DA0F4525-F869-4EA1-B2BE-144CC2CC29D8}.Release|Any CPU.ActiveCfg = Release|Any CPU
		{DA0F4525-F869-4EA1-B2BE-144CC2CC29D8}.Release|Any CPU.Build.0 = Release|Any CPU
		{CABDF5E2-733F-4184-ADCD-35405877DE4C}.Debug|Any CPU.ActiveCfg = Debug|Any CPU
		{CABDF5E2-733F-4184-ADCD-35405877DE4C}.Debug|Any CPU.Build.0 = Debug|Any CPU
		{CABDF5E2-733F-4184-ADCD-35405877DE4C}.Release|Any CPU.ActiveCfg = Release|Any CPU
		{CABDF5E2-733F-4184-ADCD-35405877DE4C}.Release|Any CPU.Build.0 = Release|Any CPU
		{8A70FEFA-2782-4D6D-9DE2-D127F7540542}.Debug|Any CPU.ActiveCfg = Debug|Any CPU
		{8A70FEFA-2782-4D6D-9DE2-D127F7540542}.Debug|Any CPU.Build.0 = Debug|Any CPU
		{8A70FEFA-2782-4D6D-9DE2-D127F7540542}.Release|Any CPU.ActiveCfg = Release|Any CPU
		{8A70FEFA-2782-4D6D-9DE2-D127F7540542}.Release|Any CPU.Build.0 = Release|Any CPU
		{84315C9B-CD47-42B2-B596-1962B3AC7B38}.Debug|Any CPU.ActiveCfg = Debug|Any CPU
		{84315C9B-CD47-42B2-B596-1962B3AC7B38}.Debug|Any CPU.Build.0 = Debug|Any CPU
		{84315C9B-CD47-42B2-B596-1962B3AC7B38}.Release|Any CPU.ActiveCfg = Release|Any CPU
		{84315C9B-CD47-42B2-B596-1962B3AC7B38}.Release|Any CPU.Build.0 = Release|Any CPU
		{32290650-9ABE-44C6-BF0C-01261920785C}.Debug|Any CPU.ActiveCfg = Debug|Any CPU
		{32290650-9ABE-44C6-BF0C-01261920785C}.Debug|Any CPU.Build.0 = Debug|Any CPU
		{32290650-9ABE-44C6-BF0C-01261920785C}.Release|Any CPU.ActiveCfg = Release|Any CPU
		{32290650-9ABE-44C6-BF0C-01261920785C}.Release|Any CPU.Build.0 = Release|Any CPU
		{63BD5844-B495-498B-9490-749A40A9E6C9}.Debug|Any CPU.ActiveCfg = Debug|Any CPU
		{63BD5844-B495-498B-9490-749A40A9E6C9}.Debug|Any CPU.Build.0 = Debug|Any CPU
		{63BD5844-B495-498B-9490-749A40A9E6C9}.Release|Any CPU.ActiveCfg = Release|Any CPU
		{63BD5844-B495-498B-9490-749A40A9E6C9}.Release|Any CPU.Build.0 = Release|Any CPU
		{843876F1-8000-4D81-A32F-AE16D80973E5}.Debug|Any CPU.ActiveCfg = Debug|Any CPU
		{843876F1-8000-4D81-A32F-AE16D80973E5}.Debug|Any CPU.Build.0 = Debug|Any CPU
		{843876F1-8000-4D81-A32F-AE16D80973E5}.Release|Any CPU.ActiveCfg = Release|Any CPU
		{843876F1-8000-4D81-A32F-AE16D80973E5}.Release|Any CPU.Build.0 = Release|Any CPU
		{210E9F2C-31DD-4142-A500-0DEECBE7B430}.Debug|Any CPU.ActiveCfg = Debug|Any CPU
		{210E9F2C-31DD-4142-A500-0DEECBE7B430}.Debug|Any CPU.Build.0 = Debug|Any CPU
		{210E9F2C-31DD-4142-A500-0DEECBE7B430}.Release|Any CPU.ActiveCfg = Release|Any CPU
		{210E9F2C-31DD-4142-A500-0DEECBE7B430}.Release|Any CPU.Build.0 = Release|Any CPU
	EndGlobalSection
	GlobalSection(SolutionProperties) = preSolution
		HideSolutionNode = FALSE
	EndGlobalSection
	GlobalSection(NestedProjects) = preSolution
		{BE780BEA-6225-41EB-83D8-639A0FDFF12F} = {C07BC322-3FBA-4163-99D1-15B5DE87C7CB}
		{51AC7FEB-355E-42EF-8A49-64EC4B30FBD9} = {BE780BEA-6225-41EB-83D8-639A0FDFF12F}
		{86CA2B62-68D2-4025-B30E-DE5FC3876321} = {BE780BEA-6225-41EB-83D8-639A0FDFF12F}
		{A0182774-D783-4C3A-B763-1FBCB93D24DB} = {C07BC322-3FBA-4163-99D1-15B5DE87C7CB}
		{DA0F4525-F869-4EA1-B2BE-144CC2CC29D8} = {A0182774-D783-4C3A-B763-1FBCB93D24DB}
		{CABDF5E2-733F-4184-ADCD-35405877DE4C} = {A0182774-D783-4C3A-B763-1FBCB93D24DB}
		{C91767F0-7A39-47E8-A0E9-EE64554BC5B9} = {C07BC322-3FBA-4163-99D1-15B5DE87C7CB}
		{027DB77F-7EDB-475F-AA16-7E116216A718} = {C07BC322-3FBA-4163-99D1-15B5DE87C7CB}
		{8A70FEFA-2782-4D6D-9DE2-D127F7540542} = {C91767F0-7A39-47E8-A0E9-EE64554BC5B9}
		{84315C9B-CD47-42B2-B596-1962B3AC7B38} = {A0182774-D783-4C3A-B763-1FBCB93D24DB}
		{32290650-9ABE-44C6-BF0C-01261920785C} = {027DB77F-7EDB-475F-AA16-7E116216A718}
		{07263C3E-0BC2-4DB5-AFD6-FA0AF2260D41} = {C07BC322-3FBA-4163-99D1-15B5DE87C7CB}
		{3D1B9145-084C-4182-A8E3-8F9AB150A598} = {C07BC322-3FBA-4163-99D1-15B5DE87C7CB}
		{63BD5844-B495-498B-9490-749A40A9E6C9} = {3D1B9145-084C-4182-A8E3-8F9AB150A598}
		{4A346C12-7E99-4555-98F0-8FADAA37D8E5} = {07263C3E-0BC2-4DB5-AFD6-FA0AF2260D41}
		{843876F1-8000-4D81-A32F-AE16D80973E5} = {4A346C12-7E99-4555-98F0-8FADAA37D8E5}
		{210E9F2C-31DD-4142-A500-0DEECBE7B430} = {4A346C12-7E99-4555-98F0-8FADAA37D8E5}
	EndGlobalSection
	GlobalSection(ExtensibilityGlobals) = postSolution
		SolutionGuid = {30A92FC9-D212-4B76-AEDF-27CEBE6FB860}
	EndGlobalSection
EndGlobal
